
Microsoft Visual Studio Solution File, Format Version 12.00
# Visual Studio 15
VisualStudioVersion = 15.0.27428.2027
MinimumVisualStudioVersion = 10.0.40219.1
Project("{FAE04EC0-301F-11D3-BF4B-00C04F79EFBC}") = "InjectionTest", "InjectionTest\InjectionTest.csproj", "{B6020FBE-98E5-471B-A190-97AF29332D56}"
EndProject
Global
	GlobalSection(SolutionConfigurationPlatforms) = preSolution
		Debug|Any CPU = Debug|Any CPU
		Release|Any CPU = Release|Any CPU
	EndGlobalSection
	GlobalSection(ProjectConfigurationPlatforms) = postSolution
		{B6020FBE-98E5-471B-A190-97AF29332D56}.Debug|Any CPU.ActiveCfg = Debug|Any CPU
		{B6020FBE-98E5-471B-A190-97AF29332D56}.Debug|Any CPU.Build.0 = Debug|Any CPU
		{B6020FBE-98E5-471B-A190-97AF29332D56}.Release|Any CPU.ActiveCfg = Release|Any CPU
		{B6020FBE-98E5-471B-A190-97AF29332D56}.Release|Any CPU.Build.0 = Release|Any CPU
	EndGlobalSection
	GlobalSection(SolutionProperties) = preSolution
		HideSolutionNode = FALSE
	EndGlobalSection
	GlobalSection(ExtensibilityGlobals) = postSolution
		SolutionGuid = {4557AC1D-6C47-4C5E-B8BB-46FAEC9401FA}
	EndGlobalSection
EndGlobal
